
Microsoft Visual Studio Solution File, Format Version 12.00
# Visual Studio Version 17
VisualStudioVersion = 17.14.36203.30 d17.14
MinimumVisualStudioVersion = 10.0.40219.1
Project("{8BC9CEB8-8B4A-11D0-8D11-00A0C91BC942}") = "ECDH-KDF-AESCBC", "ECDH-KDF-AESCBC\ECDH-KDF-AESCBC.vcxproj", "{7A501EF5-AF15-4604-93D2-FAB2DF5AA6D9}"
EndProject
Global
	GlobalSection(SolutionConfigurationPlatforms) = preSolution
		Debug|x64 = Debug|x64
		Release|x64 = Release|x64
	EndGlobalSection
	GlobalSection(ProjectConfigurationPlatforms) = postSolution
		{7A501EF5-AF15-4604-93D2-FAB2DF5AA6D9}.Debug|x64.ActiveCfg = Debug|x64
		{7A501EF5-AF15-4604-93D2-FAB2DF5AA6D9}.Debug|x64.Build.0 = Debug|x64
		{7A501EF5-AF15-4604-93D2-FAB2DF5AA6D9}.Release|x64.ActiveCfg = Release|x64
		{7A501EF5-AF15-4604-93D2-FAB2DF5AA6D9}.Release|x64.Build.0 = Release|x64
	EndGlobalSection
	GlobalSection(SolutionProperties) = preSolution
		HideSolutionNode = FALSE
	EndGlobalSection
	GlobalSection(ExtensibilityGlobals) = postSolution
		SolutionGuid = {55E2AEBA-52C7-4FA4-B1D9-1B72BBF2998B}
	EndGlobalSection
EndGlobal
